
Microsoft Visual Studio Solution File, Format Version 12.00
# Visual Studio Version 16
VisualStudioVersion = 16.0.31129.286
MinimumVisualStudioVersion = 10.0.40219.1
Project("{FAE04EC0-301F-11D3-BF4B-00C04F79EFBC}") = "Atom - Official Release v1.1.4", "Atom - Official Release v1.1.4\Atom - Official Release v1.1.4.csproj", "{B6DB3092-1714-47BB-910A-F7A3D0D035CD}"
EndProject
Global
	GlobalSection(SolutionConfigurationPlatforms) = preSolution
		Debug|Any CPU = Debug|Any CPU
		Release|Any CPU = Release|Any CPU
	EndGlobalSection
	GlobalSection(ProjectConfigurationPlatforms) = postSolution
		{B6DB3092-1714-47BB-910A-F7A3D0D035CD}.Debug|Any CPU.ActiveCfg = Debug|Any CPU
		{B6DB3092-1714-47BB-910A-F7A3D0D035CD}.Debug|Any CPU.Build.0 = Debug|Any CPU
		{B6DB3092-1714-47BB-910A-F7A3D0D035CD}.Release|Any CPU.ActiveCfg = Release|Any CPU
		{B6DB3092-1714-47BB-910A-F7A3D0D035CD}.Release|Any CPU.Build.0 = Release|Any CPU
	EndGlobalSection
	GlobalSection(SolutionProperties) = preSolution
		HideSolutionNode = FALSE
	EndGlobalSection
	GlobalSection(ExtensibilityGlobals) = postSolution
		SolutionGuid = {835022B1-A43F-45C2-BCF0-2D68C65972F9}
	EndGlobalSection
EndGlobal
